
Microsoft Visual Studio Solution File, Format Version 12.00
# Visual Studio Version 16
VisualStudioVersion = 16.0.32901.82
MinimumVisualStudioVersion = 10.0.40219.1
Project("{9A19103F-16F7-4668-BE54-9A1E7A4F7556}") = "GlassHelper", "Code\GlassHelper.csproj", "{62D8BB03-E458-422B-BF2F-DE5A9F45AE63}"
EndProject
Global
	GlobalSection(SolutionConfigurationPlatforms) = preSolution
		Debug|Any CPU = Debug|Any CPU
		Release|Any CPU = Release|Any CPU
	EndGlobalSection
	GlobalSection(ProjectConfigurationPlatforms) = postSolution
		{62D8BB03-E458-422B-BF2F-DE5A9F45AE63}.Debug|Any CPU.ActiveCfg = Debug|Any CPU
		{62D8BB03-E458-422B-BF2F-DE5A9F45AE63}.Debug|Any CPU.Build.0 = Debug|Any CPU
		{62D8BB03-E458-422B-BF2F-DE5A9F45AE63}.Release|Any CPU.ActiveCfg = Release|Any CPU
		{62D8BB03-E458-422B-BF2F-DE5A9F45AE63}.Release|Any CPU.Build.0 = Release|Any CPU
	EndGlobalSection
	GlobalSection(SolutionProperties) = preSolution
		HideSolutionNode = FALSE
	EndGlobalSection
	GlobalSection(ExtensibilityGlobals) = postSolution
		SolutionGuid = {283DE104-60C0-4B67-A465-7AB84C8A323D}
	EndGlobalSection
EndGlobal
